
Microsoft Visual Studio Solution File, Format Version 12.00
# Visual Studio Version 17
VisualStudioVersion = 17.7.34221.43
MinimumVisualStudioVersion = 10.0.40219.1
Project("{FAE04EC0-301F-11D3-BF4B-00C04F79EFBC}") = "ShopOnline.Web", "ShopOnline.Web\ShopOnline.Web.csproj", "{CCEB900E-1FCF-4907-A31C-D3DB67D063EA}"
EndProject
Project("{FAE04EC0-301F-11D3-BF4B-00C04F79EFBC}") = "ShopOnline.Api", "ShopOnline.Api\ShopOnline.Api.csproj", "{FCB5AA6D-A0B2-48EA-9C42-886ADF2D313D}"
EndProject
Global
	GlobalSection(SolutionConfigurationPlatforms) = preSolution
		Debug|Any CPU = Debug|Any CPU
		Release|Any CPU = Release|Any CPU
	EndGlobalSection
	GlobalSection(ProjectConfigurationPlatforms) = postSolution
		{CCEB900E-1FCF-4907-A31C-D3DB67D063EA}.Debug|Any CPU.ActiveCfg = Debug|Any CPU
		{CCEB900E-1FCF-4907-A31C-D3DB67D063EA}.Debug|Any CPU.Build.0 = Debug|Any CPU
		{CCEB900E-1FCF-4907-A31C-D3DB67D063EA}.Release|Any CPU.ActiveCfg = Release|Any CPU
		{CCEB900E-1FCF-4907-A31C-D3DB67D063EA}.Release|Any CPU.Build.0 = Release|Any CPU
		{FCB5AA6D-A0B2-48EA-9C42-886ADF2D313D}.Debug|Any CPU.ActiveCfg = Debug|Any CPU
		{FCB5AA6D-A0B2-48EA-9C42-886ADF2D313D}.Debug|Any CPU.Build.0 = Debug|Any CPU
		{FCB5AA6D-A0B2-48EA-9C42-886ADF2D313D}.Release|Any CPU.ActiveCfg = Release|Any CPU
		{FCB5AA6D-A0B2-48EA-9C42-886ADF2D313D}.Release|Any CPU.Build.0 = Release|Any CPU
	EndGlobalSection
	GlobalSection(SolutionProperties) = preSolution
		HideSolutionNode = FALSE
	EndGlobalSection
	GlobalSection(ExtensibilityGlobals) = postSolution
		SolutionGuid = {9FAC7A27-7BC6-48CF-8C1E-220CE2B93C95}
	EndGlobalSection
EndGlobal
